// !$*UTF8*$!
{
	archiveVersion = 1;
	classes = {
	};
	objectVersion = 55;
	objects = {

/* Begin PBXBuildFile section */
		84673B2E27CCBF3000AE2AD2 /* AppDelegate.swift in Sources */ = {isa = PBXBuildFile; fileRef = 84673B2D27CCBF3000AE2AD2 /* AppDelegate.swift */; };
		84673B3027CCBF3000AE2AD2 /* SceneDelegate.swift in Sources */ = {isa = PBXBuildFile; fileRef = 84673B2F27CCBF3000AE2AD2 /* SceneDelegate.swift */; };
		84673B3227CCBF3000AE2AD2 /* ViewController.swift in Sources */ = {isa = PBXBuildFile; fileRef = 84673B3127CCBF3000AE2AD2 /* ViewController.swift */; };
		84673B3527CCBF3000AE2AD2 /* Main.storyboard in Resources */ = {isa = PBXBuildFile; fileRef = 84673B3327CCBF3000AE2AD2 /* Main.storyboard */; };
		84673B3727CCBF3100AE2AD2 /* Assets.xcassets in Resources */ = {isa = PBXBuildFile; fileRef = 84673B3627CCBF3100AE2AD2 /* Assets.xcassets */; };
		84673B3A27CCBF3100AE2AD2 /* LaunchScreen.storyboard in Resources */ = {isa = PBXBuildFile; fileRef = 84673B3827CCBF3100AE2AD2 /* LaunchScreen.storyboard */; };
		84673B4527CCBF3200AE2AD2 /* EmployeeListTests.swift in Sources */ = {isa = PBXBuildFile; fileRef = 84673B4427CCBF3200AE2AD2 /* EmployeeListTests.swift */; };
		84673B4F27CCBF3200AE2AD2 /* EmployeeListUITests.swift in Sources */ = {isa = PBXBuildFile; fileRef = 84673B4E27CCBF3200AE2AD2 /* EmployeeListUITests.swift */; };
		84673B5127CCBF3200AE2AD2 /* EmployeeListUITestsLaunchTests.swift in Sources */ = {isa = PBXBuildFile; fileRef = 84673B5027CCBF3200AE2AD2 /* EmployeeListUITestsLaunchTests.swift */; };
/* End PBXBuildFile section */

/* Begin PBXContainerItemProxy section */
		84673B4127CCBF3200AE2AD2 /* PBXContainerItemProxy */ = {
			isa = PBXContainerItemProxy;
			containerPortal = 84673B2227CCBF3000AE2AD2 /* Project object */;
			proxyType = 1;
			remoteGlobalIDString = 84673B2927CCBF3000AE2AD2;
			remoteInfo = EmployeeList;
		};
		84673B4B27CCBF3200AE2AD2 /* PBXContainerItemProxy */ = {
			isa = PBXContainerItemProxy;
			containerPortal = 84673B2227CCBF3000AE2AD2 /* Project object */;
			proxyType = 1;
			remoteGlobalIDString = 84673B2927CCBF3000AE2AD2;
			remoteInfo = EmployeeList;
		};
/* End PBXContainerItemProxy section */

/* Begin PBXFileReference section */
		84673B2A27CCBF3000AE2AD2 /* EmployeeList.app */ = {isa = PBXFileReference; explicitFileType = wrapper.application; includeInIndex = 0; path = EmployeeList.app; sourceTree = BUILT_PRODUCTS_DIR; };
		84673B2D27CCBF3000AE2AD2 /* AppDelegate.swift */ = {isa = PBXFileReference; lastKnownFileType = sourcecode.swift; path = AppDelegate.swift; sourceTree = "<group>"; };
		84673B2F27CCBF3000AE2AD2 /* SceneDelegate.swift */ = {isa = PBXFileReference; lastKnownFileType = sourcecode.swift; path = SceneDelegate.swift; sourceTree = "<group>"; };
		84673B3127CCBF3000AE2AD2 /* ViewController.swift */ = {isa = PBXFileReference; lastKnownFileType = sourcecode.swift; path = ViewController.swift; sourceTree = "<group>"; };
		84673B3427CCBF3000AE2AD2 /* Base */ = {isa = PBXFileReference; lastKnownFileType = file.storyboard; name = Base; path = Base.lproj/Main.storyboard; sourceTree = "<group>"; };
		84673B3627CCBF3100AE2AD2 /* Assets.xcassets */ = {isa = PBXFileReference; lastKnownFileType = folder.assetcatalog; path = Assets.xcassets; sourceTree = "<group>"; };
		84673B3927CCBF3100AE2AD2 /* Base */ = {isa = PBXFileReference; lastKnownFileType = file.storyboard; name = Base; path = Base.lproj/LaunchScreen.storyboard; sourceTree = "<group>"; };
		84673B3B27CCBF3100AE2AD2 /* Info.plist */ = {isa = PBXFileReference; lastKnownFileType = text.plist.xml; path = Info.plist; sourceTree = "<group>"; };
		84673B4027CCBF3200AE2AD2 /* EmployeeListTests.xctest */ = {isa = PBXFileReference; explicitFileType = wrapper.cfbundle; includeInIndex = 0; path = EmployeeListTests.xctest; sourceTree = BUILT_PRODUCTS_DIR; };
		84673B4427CCBF3200AE2AD2 /* EmployeeListTests.swift */ = {isa = PBXFileReference; lastKnownFileType = sourcecode.swift; path = EmployeeListTests.swift; sourceTree = "<group>"; };
		84673B4A27CCBF3200AE2AD2 /* EmployeeListUITests.xctest */ = {isa = PBXFileReference; explicitFileType = wrapper.cfbundle; includeInIndex = 0; path = EmployeeListUITests.xctest; sourceTree = BUILT_PRODUCTS_DIR; };
		84673B4E27CCBF3200AE2AD2 /* EmployeeListUITests.swift */ = {isa = PBXFileReference; lastKnownFileType = sourcecode.swift; path = EmployeeListUITests.swift; sourceTree = "<group>"; };
		84673B5027CCBF3200AE2AD2 /* EmployeeListUITestsLaunchTests.swift */ = {isa = PBXFileReference; lastKnownFileType = sourcecode.swift; path = EmployeeListUITestsLaunchTests.swift; sourceTree = "<group>"; };
/* End PBXFileReference section */

/* Begin PBXFrameworksBuildPhase section */
		84673B2727CCBF3000AE2AD2 /* Frameworks */ = {
			isa = PBXFrameworksBuildPhase;
			buildActionMask = 2147483647;
			files = (
			);
			runOnlyForDeploymentPostprocessing = 0;
		};
		84673B3D27CCBF3200AE2AD2 /* Frameworks */ = {
			isa = PBXFrameworksBuildPhase;
			buildActionMask = 2147483647;
			files = (
			);
			runOnlyForDeploymentPostprocessing = 0;
		};
		84673B4727CCBF3200AE2AD2 /* Frameworks */ = {
			isa = PBXFrameworksBuildPhase;
			buildActionMask = 2147483647;
			files = (
			);
			runOnlyForDeploymentPostprocessing = 0;
		};
/* End PBXFrameworksBuildPhase section */

/* Begin PBXGroup section */
		84673B2127CCBF3000AE2AD2 = {
			isa = PBXGroup;
			children = (
				84673B2C27CCBF3000AE2AD2 /* EmployeeList */,
				84673B4327CCBF3200AE2AD2 /* EmployeeListTests */,
				84673B4D27CCBF3200AE2AD2 /* EmployeeListUITests */,
				84673B2B27CCBF3000AE2AD2 /* Products */,
			);
			sourceTree = "<group>";
		};
		84673B2B27CCBF3000AE2AD2 /* Products */ = {
			isa = PBXGroup;
			children = (
				84673B2A27CCBF3000AE2AD2 /* EmployeeList.app */,
				84673B4027CCBF3200AE2AD2 /* EmployeeListTests.xctest */,
				84673B4A27CCBF3200AE2AD2 /* EmployeeListUITests.xctest */,
			);
			name = Products;
			sourceTree = "<group>";
		};
		84673B2C27CCBF3000AE2AD2 /* EmployeeList */ = {
			isa = PBXGroup;
			children = (
				84673B2D27CCBF3000AE2AD2 /* AppDelegate.swift */,
				84673B2F27CCBF3000AE2AD2 /* SceneDelegate.swift */,
				84673B3127CCBF3000AE2AD2 /* ViewController.swift */,
				84673B3327CCBF3000AE2AD2 /* Main.storyboard */,
				84673B3627CCBF3100AE2AD2 /* Assets.xcassets */,
				84673B3827CCBF3100AE2AD2 /* LaunchScreen.storyboard */,
				84673B3B27CCBF3100AE2AD2 /* Info.plist */,
			);
			path = EmployeeList;
			sourceTree = "<group>";
		};
		84673B4327CCBF3200AE2AD2 /* EmployeeListTests */ = {
			isa = PBXGroup;
			children = (
				84673B4427CCBF3200AE2AD2 /* EmployeeListTests.swift */,
			);
			path = EmployeeListTests;
			sourceTree = "<group>";
		};
		84673B4D27CCBF3200AE2AD2 /* EmployeeListUITests */ = {
			isa = PBXGroup;
			children = (
				84673B4E27CCBF3200AE2AD2 /* EmployeeListUITests.swift */,
				84673B5027CCBF3200AE2AD2 /* EmployeeListUITestsLaunchTests.swift */,
			);
			path = EmployeeListUITests;
			sourceTree = "<group>";
		};
/* End PBXGroup section */

/* Begin PBXNativeTarget section */
		84673B2927CCBF3000AE2AD2 /* EmployeeList */ = {
			isa = PBXNativeTarget;
			buildConfigurationList = 84673B5427CCBF3200AE2AD2 /* Build configuration list for PBXNativeTarget "EmployeeList" */;
			buildPhases = (
				84673B2627CCBF3000AE2AD2 /* Sources */,
				84673B2727CCBF3000AE2AD2 /* Frameworks */,
				84673B2827CCBF3000AE2AD2 /* Resources */,
			);
			buildRules = (
			);
			dependencies = (
			);
			name = EmployeeList;
			productName = EmployeeList;
			productReference = 84673B2A27CCBF3000AE2AD2 /* EmployeeList.app */;
			productType = "com.apple.product-type.application";
		};
		84673B3F27CCBF3200AE2AD2 /* EmployeeListTests */ = {
			isa = PBXNativeTarget;
			buildConfigurationList = 84673B5727CCBF3200AE2AD2 /* Build configuration list for PBXNativeTarget "EmployeeListTests" */;
			buildPhases = (
				84673B3C27CCBF3200AE2AD2 /* Sources */,
				84673B3D27CCBF3200AE2AD2 /* Frameworks */,
				84673B3E27CCBF3200AE2AD2 /* Resources */,
			);
			buildRules = (
			);
			dependencies = (
				84673B4227CCBF3200AE2AD2 /* PBXTargetDependency */,
			);
			name = EmployeeListTests;
			productName = EmployeeListTests;
			productReference = 84673B4027CCBF3200AE2AD2 /* EmployeeListTests.xctest */;
			productType = "com.apple.product-type.bundle.unit-test";
		};
		84673B4927CCBF3200AE2AD2 /* EmployeeListUITests */ = {
			isa = PBXNativeTarget;
			buildConfigurationList = 84673B5A27CCBF3200AE2AD2 /* Build configuration list for PBXNativeTarget "EmployeeListUITests" */;
			buildPhases = (
				84673B4627CCBF3200AE2AD2 /* Sources */,
				84673B4727CCBF3200AE2AD2 /* Frameworks */,
				84673B4827CCBF3200AE2AD2 /* Resources */,
			);
			buildRules = (
			);
			dependencies = (
				84673B4C27CCBF3200AE2AD2 /* PBXTargetDependency */,
			);
			name = EmployeeListUITests;
			productName = EmployeeListUITests;
			productReference = 84673B4A27CCBF3200AE2AD2 /* EmployeeListUITests.xctest */;
			productType = "com.apple.product-type.bundle.ui-testing";
		};
/* End PBXNativeTarget section */

/* Begin PBXProject section */
		84673B2227CCBF3000AE2AD2 /* Project object */ = {
			isa = PBXProject;
			attributes = {
				BuildIndependentTargetsInParallel = 1;
				LastSwiftUpdateCheck = 1330;
				LastUpgradeCheck = 1330;
				TargetAttributes = {
					84673B2927CCBF3000AE2AD2 = {
						CreatedOnToolsVersion = 13.3;
					};
					84673B3F27CCBF3200AE2AD2 = {
						CreatedOnToolsVersion = 13.3;
						TestTargetID = 84673B2927CCBF3000AE2AD2;
					};
					84673B4927CCBF3200AE2AD2 = {
						CreatedOnToolsVersion = 13.3;
						TestTargetID = 84673B2927CCBF3000AE2AD2;
					};
				};
			};
			buildConfigurationList = 84673B2527CCBF3000AE2AD2 /* Build configuration list for PBXProject "EmployeeList" */;
			compatibilityVersion = "Xcode 13.0";
			developmentRegion = en;
			hasScannedForEncodings = 0;
			knownRegions = (
				en,
				Base,
			);
			mainGroup = 84673B2127CCBF3000AE2AD2;
			productRefGroup = 84673B2B27CCBF3000AE2AD2 /* Products */;
			projectDirPath = "";
			projectRoot = "";
			targets = (
				84673B2927CCBF3000AE2AD2 /* EmployeeList */,
				84673B3F27CCBF3200AE2AD2 /* EmployeeListTests */,
				84673B4927CCBF3200AE2AD2 /* EmployeeListUITests */,
			);
		};
/* End PBXProject section */

/* Begin PBXResourcesBuildPhase section */
		84673B2827CCBF3000AE2AD2 /* Resources */ = {
			isa = PBXResourcesBuildPhase;
			buildActionMask = 2147483647;
			files = (
				84673B3A27CCBF3100AE2AD2 /* LaunchScreen.storyboard in Resources */,
				84673B3727CCBF3100AE2AD2 /* Assets.xcassets in Resources */,
				84673B3527CCBF3000AE2AD2 /* Main.storyboard in Resources */,
			);
			runOnlyForDeploymentPostprocessing = 0;
		};
		84673B3E27CCBF3200AE2AD2 /* Resources */ = {
			isa = PBXResourcesBuildPhase;
			buildActionMask = 2147483647;
			files = (
			);
			runOnlyForDeploymentPostprocessing = 0;
		};
		84673B4827CCBF3200AE2AD2 /* Resources */ = {
			isa = PBXResourcesBuildPhase;
			buildActionMask = 2147483647;
			files = (
			);
			runOnlyForDeploymentPostprocessing = 0;
		};
/* End PBXResourcesBuildPhase section */

/* Begin PBXSourcesBuildPhase section */
		84673B2627CCBF3000AE2AD2 /* Sources */ = {
			isa = PBXSourcesBuildPhase;
			buildActionMask = 2147483647;
			files = (
				84673B3227CCBF3000AE2AD2 /* ViewController.swift in Sources */,
				84673B2E27CCBF3000AE2AD2 /* AppDelegate.swift in Sources */,
				84673B3027CCBF3000AE2AD2 /* SceneDelegate.swift in Sources */,
			);
			runOnlyForDeploymentPostprocessing = 0;
		};
		84673B3C27CCBF3200AE2AD2 /* Sources */ = {
			isa = PBXSourcesBuildPhase;
			buildActionMask = 2147483647;
			files = (
				84673B4527CCBF3200AE2AD2 /* EmployeeListTests.swift in Sources */,
			);
			runOnlyForDeploymentPostprocessing = 0;
		};
		84673B4627CCBF3200AE2AD2 /* Sources */ = {
			isa = PBXSourcesBuildPhase;
			buildActionMask = 2147483647;
			files = (
				84673B5127CCBF3200AE2AD2 /* EmployeeListUITestsLaunchTests.swift in Sources */,
				84673B4F27CCBF3200AE2AD2 /* EmployeeListUITests.swift in Sources */,
			);
			runOnlyForDeploymentPostprocessing = 0;
		};
/* End PBXSourcesBuildPhase section */

/* Begin PBXTargetDependency section */
		84673B4227CCBF3200AE2AD2 /* PBXTargetDependency */ = {
			isa = PBXTargetDependency;
			target = 84673B2927CCBF3000AE2AD2 /* EmployeeList */;
			targetProxy = 84673B4127CCBF3200AE2AD2 /* PBXContainerItemProxy */;
		};
		84673B4C27CCBF3200AE2AD2 /* PBXTargetDependency */ = {
			isa = PBXTargetDependency;
			target = 84673B2927CCBF3000AE2AD2 /* EmployeeList */;
			targetProxy = 84673B4B27CCBF3200AE2AD2 /* PBXContainerItemProxy */;
		};
/* End PBXTargetDependency section */

/* Begin PBXVariantGroup section */
		84673B3327CCBF3000AE2AD2 /* Main.storyboard */ = {
			isa = PBXVariantGroup;
			children = (
				84673B3427CCBF3000AE2AD2 /* Base */,
			);
			name = Main.storyboard;
			sourceTree = "<group>";
		};
		84673B3827CCBF3100AE2AD2 /* LaunchScreen.storyboard */ = {
			isa = PBXVariantGroup;
			children = (
				84673B3927CCBF3100AE2AD2 /* Base */,
			);
			name = LaunchScreen.storyboard;
			sourceTree = "<group>";
		};
/* End PBXVariantGroup section */

/* Begin XCBuildConfiguration section */
		84673B5227CCBF3200AE2AD2 /* Debug */ = {
			isa = XCBuildConfiguration;
			buildSettings = {
				ALWAYS_SEARCH_USER_PATHS = NO;
				CLANG_ANALYZER_NONNULL = YES;
				CLANG_ANALYZER_NUMBER_OBJECT_CONVERSION = YES_AGGRESSIVE;
				CLANG_CXX_LANGUAGE_STANDARD = "gnu++17";
				CLANG_ENABLE_MODULES = YES;
				CLANG_ENABLE_OBJC_ARC = YES;
				CLANG_ENABLE_OBJC_WEAK = YES;
				CLANG_WARN_BLOCK_CAPTURE_AUTORELEASING = YES;
				CLANG_WARN_BOOL_CONVERSION = YES;
				CLANG_WARN_COMMA = YES;
				CLANG_WARN_CONSTANT_CONVERSION = YES;
				CLANG_WARN_DEPRECATED_OBJC_IMPLEMENTATIONS = YES;
				CLANG_WARN_DIRECT_OBJC_ISA_USAGE = YES_ERROR;
				CLANG_WARN_DOCUMENTATION_COMMENTS = YES;
				CLANG_WARN_EMPTY_BODY = YES;
				CLANG_WARN_ENUM_CONVERSION = YES;
				CLANG_WARN_INFINITE_RECURSION = YES;
				CLANG_WARN_INT_CONVERSION = YES;
				CLANG_WARN_NON_LITERAL_NULL_CONVERSION = YES;
				CLANG_WARN_OBJC_IMPLICIT_RETAIN_SELF = YES;
				CLANG_WARN_OBJC_LITERAL_CONVERSION = YES;
				CLANG_WARN_OBJC_ROOT_CLASS = YES_ERROR;
				CLANG_WARN_QUOTED_INCLUDE_IN_FRAMEWORK_HEADER = YES;
				CLANG_WARN_RANGE_LOOP_ANALYSIS = YES;
				CLANG_WARN_STRICT_PROTOTYPES = YES;
				CLANG_WARN_SUSPICIOUS_MOVE = YES;
				CLANG_WARN_UNGUARDED_AVAILABILITY = YES_AGGRESSIVE;
				CLANG_WARN_UNREACHABLE_CODE = YES;
				CLANG_WARN__DUPLICATE_METHOD_MATCH = YES;
				COPY_PHASE_STRIP = NO;
				DEBUG_INFORMATION_FORMAT = dwarf;
				ENABLE_STRICT_OBJC_MSGSEND = YES;
				ENABLE_TESTABILITY = YES;
				GCC_C_LANGUAGE_STANDARD = gnu11;
				GCC_DYNAMIC_NO_PIC = NO;
				GCC_NO_COMMON_BLOCKS = YES;
				GCC_OPTIMIZATION_LEVEL = 0;
				GCC_PREPROCESSOR_DEFINITIONS = (
					"DEBUG=1",
					"$(inherited)",
				);
				GCC_WARN_64_TO_32_BIT_CONVERSION = YES;
				GCC_WARN_ABOUT_RETURN_TYPE = YES_ERROR;
				GCC_WARN_UNDECLARED_SELECTOR = YES;
				GCC_WARN_UNINITIALIZED_AUTOS = YES_AGGRESSIVE;
				GCC_WARN_UNUSED_FUNCTION = YES;
				GCC_WARN_UNUSED_VARIABLE = YES;
				IPHONEOS_DEPLOYMENT_TARGET = 15.4;
				MTL_ENABLE_DEBUG_INFO = INCLUDE_SOURCE;
				MTL_FAST_MATH = YES;
				ONLY_ACTIVE_ARCH = YES;
				SDKROOT = iphoneos;
				SWIFT_ACTIVE_COMPILATION_CONDITIONS = DEBUG;
				SWIFT_OPTIMIZATION_LEVEL = "-Onone";
			};
			name = Debug;
		};
		84673B5327CCBF3200AE2AD2 /* Release */ = {
			isa = XCBuildConfiguration;
			buildSettings = {
				ALWAYS_SEARCH_USER_PATHS = NO;
				CLANG_ANALYZER_NONNULL = YES;
				CLANG_ANALYZER_NUMBER_OBJECT_CONVERSION = YES_AGGRESSIVE;
				CLANG_CXX_LANGUAGE_STANDARD = "gnu++17";
				CLANG_ENABLE_MODULES = YES;
				CLANG_ENABLE_OBJC_ARC = YES;
				CLANG_ENABLE_OBJC_WEAK = YES;
				CLANG_WARN_BLOCK_CAPTURE_AUTORELEASING = YES;
				CLANG_WARN_BOOL_CONVERSION = YES;
				CLANG_WARN_COMMA = YES;
				CLANG_WARN_CONSTANT_CONVERSION = YES;
				CLANG_WARN_DEPRECATED_OBJC_IMPLEMENTATIONS = YES;
				CLANG_WARN_DIRECT_OBJC_ISA_USAGE = YES_ERROR;
				CLANG_WARN_DOCUMENTATION_COMMENTS = YES;
				CLANG_WARN_EMPTY_BODY = YES;
				CLANG_WARN_ENUM_CONVERSION = YES;
				CLANG_WARN_INFINITE_RECURSION = YES;
				CLANG_WARN_INT_CONVERSION = YES;
				CLANG_WARN_NON_LITERAL_NULL_CONVERSION = YES;
				CLANG_WARN_OBJC_IMPLICIT_RETAIN_SELF = YES;
				CLANG_WARN_OBJC_LITERAL_CONVERSION = YES;
				CLANG_WARN_OBJC_ROOT_CLASS = YES_ERROR;
				CLANG_WARN_QUOTED_INCLUDE_IN_FRAMEWORK_HEADER = YES;
				CLANG_WARN_RANGE_LOOP_ANALYSIS = YES;
				CLANG_WARN_STRICT_PROTOTYPES = YES;
				CLANG_WARN_SUSPICIOUS_MOVE = YES;
				CLANG_WARN_UNGUARDED_AVAILABILITY = YES_AGGRESSIVE;
				CLANG_WARN_UNREACHABLE_CODE = YES;
				CLANG_WARN__DUPLICATE_METHOD_MATCH = YES;
				COPY_PHASE_STRIP = NO;
				DEBUG_INFORMATION_FORMAT = "dwarf-with-dsym";
				ENABLE_NS_ASSERTIONS = NO;
				ENABLE_STRICT_OBJC_MSGSEND = YES;
				GCC_C_LANGUAGE_STANDARD = gnu11;
				GCC_NO_COMMON_BLOCKS = YES;
				GCC_WARN_64_TO_32_BIT_CONVERSION = YES;
				GCC_WARN_ABOUT_RETURN_TYPE = YES_ERROR;
				GCC_WARN_UNDECLARED_SELECTOR = YES;
				GCC_WARN_UNINITIALIZED_AUTOS = YES_AGGRESSIVE;
				GCC_WARN_UNUSED_FUNCTION = YES;
				GCC_WARN_UNUSED_VARIABLE = YES;
				IPHONEOS_DEPLOYMENT_TARGET = 15.4;
				MTL_ENABLE_DEBUG_INFO = NO;
				MTL_FAST_MATH = YES;
				SDKROOT = iphoneos;
				SWIFT_COMPILATION_MODE = wholemodule;
				SWIFT_OPTIMIZATION_LEVEL = "-O";
				VALIDATE_PRODUCT = YES;
			};
			name = Release;
		};
		84673B5527CCBF3200AE2AD2 /* Debug */ = {
			isa = XCBuildConfiguration;
			buildSettings = {
				ASSETCATALOG_COMPILER_APPICON_NAME = AppIcon;
				ASSETCATALOG_COMPILER_GLOBAL_ACCENT_COLOR_NAME = AccentColor;
				CODE_SIGN_STYLE = Automatic;
				CURRENT_PROJECT_VERSION = 1;
				GENERATE_INFOPLIST_FILE = YES;
				INFOPLIST_FILE = EmployeeList/Info.plist;
				INFOPLIST_KEY_UIApplicationSupportsIndirectInputEvents = YES;
				INFOPLIST_KEY_UILaunchStoryboardName = LaunchScreen;
				INFOPLIST_KEY_UIMainStoryboardFile = Main;
				INFOPLIST_KEY_UISupportedInterfaceOrientations_iPad = "UIInterfaceOrientationPortrait UIInterfaceOrientationPortraitUpsideDown UIInterfaceOrientationLandscapeLeft UIInterfaceOrientationLandscapeRight";
				INFOPLIST_KEY_UISupportedInterfaceOrientations_iPhone = "UIInterfaceOrientationPortrait UIInterfaceOrientationLandscapeLeft UIInterfaceOrientationLandscapeRight";
				LD_RUNPATH_SEARCH_PATHS = (
					"$(inherited)",
					"@executable_path/Frameworks",
				);
				MARKETING_VERSION = 1.0;
				PRODUCT_BUNDLE_IDENTIFIER = com.it.mac.EmployeeList;
				PRODUCT_NAME = "$(TARGET_NAME)";
				SWIFT_EMIT_LOC_STRINGS = YES;
				SWIFT_VERSION = 5.0;
				TARGETED_DEVICE_FAMILY = "1,2";
			};
			name = Debug;
		};
		84673B5627CCBF3200AE2AD2 /* Release */ = {
			isa = XCBuildConfiguration;
			buildSettings = {
				ASSETCATALOG_COMPILER_APPICON_NAME = AppIcon;
				ASSETCATALOG_COMPILER_GLOBAL_ACCENT_COLOR_NAME = AccentColor;
				CODE_SIGN_STYLE = Automatic;
				CURRENT_PROJECT_VERSION = 1;
				GENERATE_INFOPLIST_FILE = YES;
				INFOPLIST_FILE = EmployeeList/Info.plist;
				INFOPLIST_KEY_UIApplicationSupportsIndirectInputEvents = YES;
				INFOPLIST_KEY_UILaunchStoryboardName = LaunchScreen;
				INFOPLIST_KEY_UIMainStoryboardFile = Main;
				INFOPLIST_KEY_UISupportedInterfaceOrientations_iPad = "UIInterfaceOrientationPortrait UIInterfaceOrientationPortraitUpsideDown UIInterfaceOrientationLandscapeLeft UIInterfaceOrientationLandscapeRight";
				INFOPLIST_KEY_UISupportedInterfaceOrientations_iPhone = "UIInterfaceOrientationPortrait UIInterfaceOrientationLandscapeLeft UIInterfaceOrientationLandscapeRight";
				LD_RUNPATH_SEARCH_PATHS = (
					"$(inherited)",
					"@executable_path/Frameworks",
				);
				MARKETING_VERSION = 1.0;
				PRODUCT_BUNDLE_IDENTIFIER = com.it.mac.EmployeeList;
				PRODUCT_NAME = "$(TARGET_NAME)";
				SWIFT_EMIT_LOC_STRINGS = YES;
				SWIFT_VERSION = 5.0;
				TARGETED_DEVICE_FAMILY = "1,2";
			};
			name = Release;
		};
		84673B5827CCBF3200AE2AD2 /* Debug */ = {
			isa = XCBuildConfiguration;
			buildSettings = {
				ALWAYS_EMBED_SWIFT_STANDARD_LIBRARIES = YES;
				BUNDLE_LOADER = "$(TEST_HOST)";
				CODE_SIGN_STYLE = Automatic;
				CURRENT_PROJECT_VERSION = 1;
				GENERATE_INFOPLIST_FILE = YES;
				IPHONEOS_DEPLOYMENT_TARGET = 15.4;
				MARKETING_VERSION = 1.0;
				PRODUCT_BUNDLE_IDENTIFIER = com.it.mac.EmployeeListTests;
				PRODUCT_NAME = "$(TARGET_NAME)";
				SWIFT_EMIT_LOC_STRINGS = NO;
				SWIFT_VERSION = 5.0;
				TARGETED_DEVICE_FAMILY = "1,2";
				TEST_HOST = "$(BUILT_PRODUCTS_DIR)/EmployeeList.app/EmployeeList";
			};
			name = Debug;
		};
		84673B5927CCBF3200AE2AD2 /* Release */ = {
			isa = XCBuildConfiguration;
			buildSettings = {
				ALWAYS_EMBED_SWIFT_STANDARD_LIBRARIES = YES;
				BUNDLE_LOADER = "$(TEST_HOST)";
				CODE_SIGN_STYLE = Automatic;
				CURRENT_PROJECT_VERSION = 1;
				GENERATE_INFOPLIST_FILE = YES;
				IPHONEOS_DEPLOYMENT_TARGET = 15.4;
				MARKETING_VERSION = 1.0;
				PRODUCT_BUNDLE_IDENTIFIER = com.it.mac.EmployeeListTests;
				PRODUCT_NAME = "$(TARGET_NAME)";
				SWIFT_EMIT_LOC_STRINGS = NO;
				SWIFT_VERSION = 5.0;
				TARGETED_DEVICE_FAMILY = "1,2";
				TEST_HOST = "$(BUILT_PRODUCTS_DIR)/EmployeeList.app/EmployeeList";
			};
			name = Release;
		};
		84673B5B27CCBF3200AE2AD2 /* Debug */ = {
			isa = XCBuildConfiguration;
			buildSettings = {
				ALWAYS_EMBED_SWIFT_STANDARD_LIBRARIES = YES;
				CODE_SIGN_STYLE = Automatic;
				CURRENT_PROJECT_VERSION = 1;
				GENERATE_INFOPLIST_FILE = YES;
				MARKETING_VERSION = 1.0;
				PRODUCT_BUNDLE_IDENTIFIER = com.it.mac.EmployeeListUITests;
				PRODUCT_NAME = "$(TARGET_NAME)";
				SWIFT_EMIT_LOC_STRINGS = NO;
				SWIFT_VERSION = 5.0;
				TARGETED_DEVICE_FAMILY = "1,2";
				TEST_TARGET_NAME = EmployeeList;
			};
			name = Debug;
		};
		84673B5C27CCBF3200AE2AD2 /* Release */ = {
			isa = XCBuildConfiguration;
			buildSettings = {
				ALWAYS_EMBED_SWIFT_STANDARD_LIBRARIES = YES;
				CODE_SIGN_STYLE = Automatic;
				CURRENT_PROJECT_VERSION = 1;
				GENERATE_INFOPLIST_FILE = YES;
				MARKETING_VERSION = 1.0;
				PRODUCT_BUNDLE_IDENTIFIER = com.it.mac.EmployeeListUITests;
				PRODUCT_NAME = "$(TARGET_NAME)";
				SWIFT_EMIT_LOC_STRINGS = NO;
				SWIFT_VERSION = 5.0;
				TARGETED_DEVICE_FAMILY = "1,2";
				TEST_TARGET_NAME = EmployeeList;
			};
			name = Release;
		};
/* End XCBuildConfiguration section */

/* Begin XCConfigurationList section */
		84673B2527CCBF3000AE2AD2 /* Build configuration list for PBXProject "EmployeeList" */ = {
			isa = XCConfigurationList;
			buildConfigurations = (
				84673B5227CCBF3200AE2AD2 /* Debug */,
				84673B5327CCBF3200AE2AD2 /* Release */,
			);
			defaultConfigurationIsVisible = 0;
			defaultConfigurationName = Release;
		};
		84673B5427CCBF3200AE2AD2 /* Build configuration list for PBXNativeTarget "EmployeeList" */ = {
			isa = XCConfigurationList;
			buildConfigurations = (
				84673B5527CCBF3200AE2AD2 /* Debug */,
				84673B5627CCBF3200AE2AD2 /* Release */,
			);
			defaultConfigurationIsVisible = 0;
			defaultConfigurationName = Release;
		};
		84673B5727CCBF3200AE2AD2 /* Build configuration list for PBXNativeTarget "EmployeeListTests" */ = {
			isa = XCConfigurationList;
			buildConfigurations = (
				84673B5827CCBF3200AE2AD2 /* Debug */,
				84673B5927CCBF3200AE2AD2 /* Release */,
			);
			defaultConfigurationIsVisible = 0;
			defaultConfigurationName = Release;
		};
		84673B5A27CCBF3200AE2AD2 /* Build configuration list for PBXNativeTarget "EmployeeListUITests" */ = {
			isa = XCConfigurationList;
			buildConfigurations = (
				84673B5B27CCBF3200AE2AD2 /* Debug */,
				84673B5C27CCBF3200AE2AD2 /* Release */,
			);
			defaultConfigurationIsVisible = 0;
			defaultConfigurationName = Release;
		};
/* End XCConfigurationList section */
	};
	rootObject = 84673B2227CCBF3000AE2AD2 /* Project object */;
}
